
Microsoft Visual Studio Solution File, Format Version 12.00
# Visual Studio 15
VisualStudioVersion = 15.0.28010.2016
MinimumVisualStudioVersion = 10.0.40219.1
Project("{FAE04EC0-301F-11D3-BF4B-00C04F79EFBC}") = "WordSwapper", "WordSwapper\WordSwapper.csproj", "{CD3B956A-E42C-403E-9FE7-3B28103CB477}"
EndProject
Project("{FAE04EC0-301F-11D3-BF4B-00C04F79EFBC}") = "WordSwapperUnitTests", "WordSwapperUnitTests\WordSwapperUnitTests.csproj", "{5BDBFF61-4903-43CD-B514-67440102DC34}"
EndProject
Global
	GlobalSection(SolutionConfigurationPlatforms) = preSolution
		Debug|Any CPU = Debug|Any CPU
		Release|Any CPU = Release|Any CPU
	EndGlobalSection
	GlobalSection(ProjectConfigurationPlatforms) = postSolution
		{CD3B956A-E42C-403E-9FE7-3B28103CB477}.Debug|Any CPU.ActiveCfg = Debug|Any CPU
		{CD3B956A-E42C-403E-9FE7-3B28103CB477}.Debug|Any CPU.Build.0 = Debug|Any CPU
		{CD3B956A-E42C-403E-9FE7-3B28103CB477}.Release|Any CPU.ActiveCfg = Release|Any CPU
		{CD3B956A-E42C-403E-9FE7-3B28103CB477}.Release|Any CPU.Build.0 = Release|Any CPU
		{5BDBFF61-4903-43CD-B514-67440102DC34}.Debug|Any CPU.ActiveCfg = Debug|Any CPU
		{5BDBFF61-4903-43CD-B514-67440102DC34}.Debug|Any CPU.Build.0 = Debug|Any CPU
		{5BDBFF61-4903-43CD-B514-67440102DC34}.Release|Any CPU.ActiveCfg = Release|Any CPU
		{5BDBFF61-4903-43CD-B514-67440102DC34}.Release|Any CPU.Build.0 = Release|Any CPU
	EndGlobalSection
	GlobalSection(SolutionProperties) = preSolution
		HideSolutionNode = FALSE
	EndGlobalSection
	GlobalSection(ExtensibilityGlobals) = postSolution
		SolutionGuid = {58970A47-D32F-4200-B7D2-D7C12F05CA65}
	EndGlobalSection
EndGlobal
